
Microsoft Visual Studio Solution File, Format Version 12.00
# Visual Studio Version 17
VisualStudioVersion = 17.6.33723.286
MinimumVisualStudioVersion = 10.0.40219.1
Project("{FAE04EC0-301F-11D3-BF4B-00C04F79EFBC}") = "ProyectoAroma", "ProyectoAroma.csproj", "{D5E7A386-B52C-4FEC-B025-34E83C548970}"
EndProject
Global
	GlobalSection(SolutionConfigurationPlatforms) = preSolution
		Debug|Any CPU = Debug|Any CPU
		Release|Any CPU = Release|Any CPU
	EndGlobalSection
	GlobalSection(ProjectConfigurationPlatforms) = postSolution
		{D5E7A386-B52C-4FEC-B025-34E83C548970}.Debug|Any CPU.ActiveCfg = Debug|Any CPU
		{D5E7A386-B52C-4FEC-B025-34E83C548970}.Debug|Any CPU.Build.0 = Debug|Any CPU
		{D5E7A386-B52C-4FEC-B025-34E83C548970}.Release|Any CPU.ActiveCfg = Release|Any CPU
		{D5E7A386-B52C-4FEC-B025-34E83C548970}.Release|Any CPU.Build.0 = Release|Any CPU
	EndGlobalSection
	GlobalSection(SolutionProperties) = preSolution
		HideSolutionNode = FALSE
	EndGlobalSection
	GlobalSection(ExtensibilityGlobals) = postSolution
		SolutionGuid = {B3840027-F561-40D8-9493-324D3BCDC5EF}
	EndGlobalSection
EndGlobal
